
Microsoft Visual Studio Solution File, Format Version 12.00
# Visual Studio Version 17
VisualStudioVersion = 17.11.35327.3
MinimumVisualStudioVersion = 10.0.40219.1
Project("{FAE04EC0-301F-11D3-BF4B-00C04F79EFBC}") = "No static", "No static\No static.csproj", "{558D31CA-F1B1-4C42-9EDD-626DA4D76DE5}"
EndProject
Global
	GlobalSection(SolutionConfigurationPlatforms) = preSolution
		Debug|Any CPU = Debug|Any CPU
		Release|Any CPU = Release|Any CPU
	EndGlobalSection
	GlobalSection(ProjectConfigurationPlatforms) = postSolution
		{558D31CA-F1B1-4C42-9EDD-626DA4D76DE5}.Debug|Any CPU.ActiveCfg = Debug|Any CPU
		{558D31CA-F1B1-4C42-9EDD-626DA4D76DE5}.Debug|Any CPU.Build.0 = Debug|Any CPU
		{558D31CA-F1B1-4C42-9EDD-626DA4D76DE5}.Release|Any CPU.ActiveCfg = Release|Any CPU
		{558D31CA-F1B1-4C42-9EDD-626DA4D76DE5}.Release|Any CPU.Build.0 = Release|Any CPU
	EndGlobalSection
	GlobalSection(SolutionProperties) = preSolution
		HideSolutionNode = FALSE
	EndGlobalSection
	GlobalSection(ExtensibilityGlobals) = postSolution
		SolutionGuid = {61D9FFF6-450A-4DC7-BBC5-B4C0BA449C9E}
	EndGlobalSection
EndGlobal
