
Microsoft Visual Studio Solution File, Format Version 12.00
# Visual Studio Version 17
VisualStudioVersion = 17.11.35327.3
MinimumVisualStudioVersion = 10.0.40219.1
Project("{FAE04EC0-301F-11D3-BF4B-00C04F79EFBC}") = "Lists", "Lists.csproj", "{2712728E-AC89-48CF-B572-C2D80F4F9731}"
EndProject
Global
	GlobalSection(SolutionConfigurationPlatforms) = preSolution
		Debug|Any CPU = Debug|Any CPU
		Release|Any CPU = Release|Any CPU
	EndGlobalSection
	GlobalSection(ProjectConfigurationPlatforms) = postSolution
		{2712728E-AC89-48CF-B572-C2D80F4F9731}.Debug|Any CPU.ActiveCfg = Debug|Any CPU
		{2712728E-AC89-48CF-B572-C2D80F4F9731}.Debug|Any CPU.Build.0 = Debug|Any CPU
		{2712728E-AC89-48CF-B572-C2D80F4F9731}.Release|Any CPU.ActiveCfg = Release|Any CPU
		{2712728E-AC89-48CF-B572-C2D80F4F9731}.Release|Any CPU.Build.0 = Release|Any CPU
	EndGlobalSection
	GlobalSection(SolutionProperties) = preSolution
		HideSolutionNode = FALSE
	EndGlobalSection
	GlobalSection(ExtensibilityGlobals) = postSolution
		SolutionGuid = {4AE79EE5-E28A-4D9F-B986-7FA0326BFE71}
	EndGlobalSection
EndGlobal
